
Microsoft Visual Studio Solution File, Format Version 12.00
# Visual Studio Version 17
VisualStudioVersion = 17.13.35919.96 d17.13
MinimumVisualStudioVersion = 10.0.40219.1
Project("{FAE04EC0-301F-11D3-BF4B-00C04F79EFBC}") = "Proyecto_Facturas", "Proyecto_Facturas\Proyecto_Facturas.csproj", "{D2E58F5F-CC36-4CB6-8D51-4C9A8ACB3EA2}"
EndProject
Global
	GlobalSection(SolutionConfigurationPlatforms) = preSolution
		Debug|Any CPU = Debug|Any CPU
		Release|Any CPU = Release|Any CPU
	EndGlobalSection
	GlobalSection(ProjectConfigurationPlatforms) = postSolution
		{D2E58F5F-CC36-4CB6-8D51-4C9A8ACB3EA2}.Debug|Any CPU.ActiveCfg = Debug|Any CPU
		{D2E58F5F-CC36-4CB6-8D51-4C9A8ACB3EA2}.Debug|Any CPU.Build.0 = Debug|Any CPU
		{D2E58F5F-CC36-4CB6-8D51-4C9A8ACB3EA2}.Release|Any CPU.ActiveCfg = Release|Any CPU
		{D2E58F5F-CC36-4CB6-8D51-4C9A8ACB3EA2}.Release|Any CPU.Build.0 = Release|Any CPU
	EndGlobalSection
	GlobalSection(SolutionProperties) = preSolution
		HideSolutionNode = FALSE
	EndGlobalSection
	GlobalSection(ExtensibilityGlobals) = postSolution
		SolutionGuid = {803AA1DA-7F6D-4F03-A706-B6A2D70C236F}
	EndGlobalSection
EndGlobal
